
Microsoft Visual Studio Solution File, Format Version 12.00
Project("{FAE04EC0-301F-11D3-BF4B-00C04F79EFBC}") = "ThermostatEventsApp", "ThermostatEventsApp\ThermostatEventsApp.csproj", "{067AB49A-34A1-4A07-BA6B-378CE39FC953}"
EndProject
Global
	GlobalSection(SolutionConfigurationPlatforms) = preSolution
		Debug|Any CPU = Debug|Any CPU
		Release|Any CPU = Release|Any CPU
	EndGlobalSection
	GlobalSection(ProjectConfigurationPlatforms) = postSolution
		{067AB49A-34A1-4A07-BA6B-378CE39FC953}.Debug|Any CPU.ActiveCfg = Debug|Any CPU
		{067AB49A-34A1-4A07-BA6B-378CE39FC953}.Debug|Any CPU.Build.0 = Debug|Any CPU
		{067AB49A-34A1-4A07-BA6B-378CE39FC953}.Release|Any CPU.ActiveCfg = Release|Any CPU
		{067AB49A-34A1-4A07-BA6B-378CE39FC953}.Release|Any CPU.Build.0 = Release|Any CPU
	EndGlobalSection
EndGlobal
